{
  "name": "isin_provider",
  "version": "1.0.0",
  "lockfileVersion": 2,
  "requires": true,
  "packages": {
    "": {
      "name": "isin_provider",
      "version": "1.0.0",
      "license": "MIT",
      "dependencies": {
        "ib": "^0.2.7"
      },
      "devDependencies": {}
    },
    "node_modules/command-buffer": {
      "version": "0.1.0",
      "resolved": "https://registry.npmjs.org/command-buffer/-/command-buffer-0.1.0.tgz",
      "integrity": "sha1-ztP0D3cokxTbkct37zsAwzLo4mg="
    },
    "node_modules/function-rate-limit": {
      "version": "1.1.0",
      "resolved": "https://registry.npmjs.org/function-rate-limit/-/function-rate-limit-1.1.0.tgz",
      "integrity": "sha1-7M3xr5GPyVnrZQkFhgPkYuN/1oM="
    },
    "node_modules/ib": {
      "version": "0.2.7",
      "resolved": "https://registry.npmjs.org/ib/-/ib-0.2.7.tgz",
      "integrity": "sha512-aQdVNbBPZ1eWqLduHHdcAEMyRD7BvTZ9y9tHPCZf5rk17klEXb+0C9TXJoJLLbT5p+C0ebY/eVMfIQgmapKaLQ==",
      "dependencies": {
        "command-buffer": "^0.1.0",
        "function-rate-limit": "^1.1.0",
        "lodash": "^4.17.10"
      }
    },
    "node_modules/lodash": {
      "version": "4.17.15",
      "resolved": "https://registry.npmjs.org/lodash/-/lodash-4.17.15.tgz",
      "integrity": "sha512-8xOcRHvCjnocdS5cpwXQXVzmmh5e5+saE2QGoeQmbKmRS6J3VQppPOIt0MnmE+4xlZoumy0GPG0D0MVIQbNA1A=="
    }
  },
  "dependencies": {
    "command-buffer": {
      "version": "0.1.0",
      "resolved": "https://registry.npmjs.org/command-buffer/-/command-buffer-0.1.0.tgz",
      "integrity": "sha1-ztP0D3cokxTbkct37zsAwzLo4mg="
    },
    "function-rate-limit": {
      "version": "1.1.0",
      "resolved": "https://registry.npmjs.org/function-rate-limit/-/function-rate-limit-1.1.0.tgz",
      "integrity": "sha1-7M3xr5GPyVnrZQkFhgPkYuN/1oM="
    },
    "ib": {
      "version": "0.2.7",
      "resolved": "https://registry.npmjs.org/ib/-/ib-0.2.7.tgz",
      "integrity": "sha512-aQdVNbBPZ1eWqLduHHdcAEMyRD7BvTZ9y9tHPCZf5rk17klEXb+0C9TXJoJLLbT5p+C0ebY/eVMfIQgmapKaLQ==",
      "requires": {
        "command-buffer": "^0.1.0",
        "function-rate-limit": "^1.1.0",
        "lodash": "^4.17.10"
      }
    },
    "lodash": {
      "version": "4.17.15",
      "resolved": "https://registry.npmjs.org/lodash/-/lodash-4.17.15.tgz",
      "integrity": "sha512-8xOcRHvCjnocdS5cpwXQXVzmmh5e5+saE2QGoeQmbKmRS6J3VQppPOIt0MnmE+4xlZoumy0GPG0D0MVIQbNA1A=="
    }
  }
}
